// !$*UTF8*$!
{
	archiveVersion = 1;
	classes = {
	};
	objectVersion = 51;
	objects = {

/* Begin PBXBuildFile section */
		031E866023FC172E00BA258B /* MsgView.swift in Sources */ = {isa = PBXBuildFile; fileRef = 031E865F23FC172E00BA258B /* MsgView.swift */; };
		0330C4BB23DEA98F0081AA1C /* AccountViewController.swift in Sources */ = {isa = PBXBuildFile; fileRef = 0330C4BA23DEA98F0081AA1C /* AccountViewController.swift */; };
		033DDF8F237060F50066B7E9 /* ProjectsCDController.swift in Sources */ = {isa = PBXBuildFile; fileRef = 033DDF8E237060F50066B7E9 /* ProjectsCDController.swift */; };
		033DDF91237065F60066B7E9 /* TaskTimeCDController.swift in Sources */ = {isa = PBXBuildFile; fileRef = 033DDF90237065F60066B7E9 /* TaskTimeCDController.swift */; };
		033F535E23CD9C2A0079F8A4 /* AboutAppVC.swift in Sources */ = {isa = PBXBuildFile; fileRef = 033F535D23CD9C2A0079F8A4 /* AboutAppVC.swift */; };
		033FCAB523335BA00043D358 /* TasksCDController.swift in Sources */ = {isa = PBXBuildFile; fileRef = 033FCAB423335BA00043D358 /* TasksCDController.swift */; };
		033FCAB723335F4C0043D358 /* TaskViewController.swift in Sources */ = {isa = PBXBuildFile; fileRef = 033FCAB623335F4C0043D358 /* TaskViewController.swift */; };
		0340F04C2317B83D001FFB29 /* AppDelegate.swift in Sources */ = {isa = PBXBuildFile; fileRef = 0340F04B2317B83D001FFB29 /* AppDelegate.swift */; };
		0340F04E2317B83D001FFB29 /* LoginViewController.swift in Sources */ = {isa = PBXBuildFile; fileRef = 0340F04D2317B83D001FFB29 /* LoginViewController.swift */; };
		0340F0512317B83D001FFB29 /* Main.storyboard in Resources */ = {isa = PBXBuildFile; fileRef = 0340F04F2317B83D001FFB29 /* Main.storyboard */; };
		0340F0532317B848001FFB29 /* Assets.xcassets in Resources */ = {isa = PBXBuildFile; fileRef = 0340F0522317B848001FFB29 /* Assets.xcassets */; };
		0340F0562317B848001FFB29 /* LaunchScreen.storyboard in Resources */ = {isa = PBXBuildFile; fileRef = 0340F0542317B848001FFB29 /* LaunchScreen.storyboard */; };
		0340F0612317B848001FFB29 /* Attendance_ManagerTests.swift in Sources */ = {isa = PBXBuildFile; fileRef = 0340F0602317B848001FFB29 /* Attendance_ManagerTests.swift */; };
		0340F06C2317B848001FFB29 /* Attendance_ManagerUITests.swift in Sources */ = {isa = PBXBuildFile; fileRef = 0340F06B2317B848001FFB29 /* Attendance_ManagerUITests.swift */; };
		034349D22322310100B0A2CE /* ExternalAccessory.framework in Frameworks */ = {isa = PBXBuildFile; fileRef = 034349D12322310100B0A2CE /* ExternalAccessory.framework */; };
		034349D523227CE800B0A2CE /* UserTaskInfoCell.swift in Sources */ = {isa = PBXBuildFile; fileRef = 034349D323227CE800B0A2CE /* UserTaskInfoCell.swift */; };
		034349D623227CE800B0A2CE /* userBreakInfoCell.xib in Resources */ = {isa = PBXBuildFile; fileRef = 034349D423227CE800B0A2CE /* userBreakInfoCell.xib */; };
		0344960D23794CDB00B9CFB2 /* TimerCell.swift in Sources */ = {isa = PBXBuildFile; fileRef = 0344960B23794CDB00B9CFB2 /* TimerCell.swift */; };
		0344960E23794CDB00B9CFB2 /* TimerCell.xib in Resources */ = {isa = PBXBuildFile; fileRef = 0344960C23794CDB00B9CFB2 /* TimerCell.xib */; };
		0345C4072375477D001510E6 /* TimingsCell.swift in Sources */ = {isa = PBXBuildFile; fileRef = 0345C4052375477D001510E6 /* TimingsCell.swift */; };
		0345C4082375477D001510E6 /* TimingsCell.xib in Resources */ = {isa = PBXBuildFile; fileRef = 0345C4062375477D001510E6 /* TimingsCell.xib */; };
		034708B9235F0F9A00867132 /* CalendarFlowLayout.swift in Sources */ = {isa = PBXBuildFile; fileRef = 034708B0235F0F9A00867132 /* CalendarFlowLayout.swift */; };
		034708BA235F0F9A00867132 /* CalendarHeaderView.swift in Sources */ = {isa = PBXBuildFile; fileRef = 034708B1235F0F9A00867132 /* CalendarHeaderView.swift */; };
		034708BB235F0F9A00867132 /* CalendarView+Extensions.swift in Sources */ = {isa = PBXBuildFile; fileRef = 034708B2235F0F9A00867132 /* CalendarView+Extensions.swift */; };
		034708BC235F0F9A00867132 /* CalendarDayCell.swift in Sources */ = {isa = PBXBuildFile; fileRef = 034708B3235F0F9A00867132 /* CalendarDayCell.swift */; };
		034708BD235F0F9A00867132 /* CalendarView+Style.swift in Sources */ = {isa = PBXBuildFile; fileRef = 034708B4235F0F9A00867132 /* CalendarView+Style.swift */; };
		034708BE235F0F9A00867132 /* CalendarView+Delegate.swift in Sources */ = {isa = PBXBuildFile; fileRef = 034708B5235F0F9A00867132 /* CalendarView+Delegate.swift */; };
		034708BF235F0F9A00867132 /* EventsManager.swift in Sources */ = {isa = PBXBuildFile; fileRef = 034708B6235F0F9A00867132 /* EventsManager.swift */; };
		034708C0235F0F9A00867132 /* CalendarView+DataSource.swift in Sources */ = {isa = PBXBuildFile; fileRef = 034708B7235F0F9A00867132 /* CalendarView+DataSource.swift */; };
		034708C1235F0F9A00867132 /* CalendarView.swift in Sources */ = {isa = PBXBuildFile; fileRef = 034708B8235F0F9A00867132 /* CalendarView.swift */; };
		03470966239F67A300F38C2F /* APIResponseHandler.swift in Sources */ = {isa = PBXBuildFile; fileRef = 03470965239F67A300F38C2F /* APIResponseHandler.swift */; };
		03472B57233B416D009C6591 /* FilterProjectCell.swift in Sources */ = {isa = PBXBuildFile; fileRef = 03472B56233B416D009C6591 /* FilterProjectCell.swift */; };
		03495D0F23A789480076AC02 /* UserguideView.swift in Sources */ = {isa = PBXBuildFile; fileRef = 03495D0E23A789480076AC02 /* UserguideView.swift */; };
		0349F6E12330E58C00BC7E74 /* UserTaskDetails.xcdatamodeld in Sources */ = {isa = PBXBuildFile; fileRef = 0349F6DF2330E58C00BC7E74 /* UserTaskDetails.xcdatamodeld */; };
		0349F6E32331089A00BC7E74 /* PunchInOutCDController.swift in Sources */ = {isa = PBXBuildFile; fileRef = 0349F6E22331089A00BC7E74 /* PunchInOutCDController.swift */; };
		034B4CCF233247D200ED4624 /* ProgressCircle.swift in Sources */ = {isa = PBXBuildFile; fileRef = 034B4CCE233247D200ED4624 /* ProgressCircle.swift */; };
		03575A88231E83A400FBDA6E /* ResetPasswordVC.swift in Sources */ = {isa = PBXBuildFile; fileRef = 03575A87231E83A400FBDA6E /* ResetPasswordVC.swift */; };
		035BBC9123B0819F00891053 /* ResetPWVC.swift in Sources */ = {isa = PBXBuildFile; fileRef = 035BBC9023B0819F00891053 /* ResetPWVC.swift */; };
		035C61A62326148F0097297D /* TableHeaderView.swift in Sources */ = {isa = PBXBuildFile; fileRef = 035C61A52326148F0097297D /* TableHeaderView.swift */; };
		0360E3F023B1E8130014D027 /* InAppNotificationView.swift in Sources */ = {isa = PBXBuildFile; fileRef = 0360E3EF23B1E8130014D027 /* InAppNotificationView.swift */; };
		0360E3F223B1ECA70014D027 /* notification.png in Resources */ = {isa = PBXBuildFile; fileRef = 0360E3F123B1ECA70014D027 /* notification.png */; };
		0360E3F623B1FD6E0014D027 /* dismiss.png in Resources */ = {isa = PBXBuildFile; fileRef = 0360E3F523B1FD6E0014D027 /* dismiss.png */; };
		0369536923431E7600C5E321 /* ActivityView.xib in Resources */ = {isa = PBXBuildFile; fileRef = 0369536823431E7600C5E321 /* ActivityView.xib */; };
		0369536B23431FC800C5E321 /* ActivityView.swift in Sources */ = {isa = PBXBuildFile; fileRef = 0369536A23431FC800C5E321 /* ActivityView.swift */; };
		036B42732339EA5C00F2C670 /* FilterViewController.swift in Sources */ = {isa = PBXBuildFile; fileRef = 036B42722339EA5C00F2C670 /* FilterViewController.swift */; };
		036B9147239A7C3B00E056A9 /* SceneDelegate.swift in Sources */ = {isa = PBXBuildFile; fileRef = 036B9146239A7C3B00E056A9 /* SceneDelegate.swift */; };
		0379438B239E795000F87291 /* ModuleCDController.swift in Sources */ = {isa = PBXBuildFile; fileRef = 0379438A239E795000F87291 /* ModuleCDController.swift */; };
		03851EB02372AC5600C484C7 /* TabBarController.swift in Sources */ = {isa = PBXBuildFile; fileRef = 03851EAF2372AC5600C484C7 /* TabBarController.swift */; };
		03A8925E2406911D007AC9AC /* TTView.swift in Sources */ = {isa = PBXBuildFile; fileRef = 03A8925D2406911D007AC9AC /* TTView.swift */; };
		03C30AF2233DCA260078BD85 /* RequestController.swift in Sources */ = {isa = PBXBuildFile; fileRef = 03C30AF1233DCA260078BD85 /* RequestController.swift */; };
		03C693882319347E005F385B /* ForgetPasswordVC.swift in Sources */ = {isa = PBXBuildFile; fileRef = 03C693872319347E005F385B /* ForgetPasswordVC.swift */; };
		03CB940B23703271004E1E57 /* MyActivityViewController.swift in Sources */ = {isa = PBXBuildFile; fileRef = 03CB940A23703271004E1E57 /* MyActivityViewController.swift */; };
		03DA9A4A23B4C392004F03C0 /* TimeUpdateView.swift in Sources */ = {isa = PBXBuildFile; fileRef = 03DA9A4923B4C392004F03C0 /* TimeUpdateView.swift */; };
		03EAD8E5231FE6490008023C /* UserActivityVC.swift in Sources */ = {isa = PBXBuildFile; fileRef = 03EAD8E4231FE6490008023C /* UserActivityVC.swift */; };
		03FA47042366CF150032EF82 /* GlobalValuesFunctions.swift in Sources */ = {isa = PBXBuildFile; fileRef = 03FA47032366CF150032EF82 /* GlobalValuesFunctions.swift */; };
		03FA47072366CFCB0032EF82 /* Extension.swift in Sources */ = {isa = PBXBuildFile; fileRef = 03FA47062366CFCB0032EF82 /* Extension.swift */; };
		C21659F32C59FF7D57E58D19 /* Pods_Attendance_Manager.framework in Frameworks */ = {isa = PBXBuildFile; fileRef = 36165071F3A08093E263A512 /* Pods_Attendance_Manager.framework */; };
/* End PBXBuildFile section */

/* Begin PBXContainerItemProxy section */
		0340F05D2317B848001FFB29 /* PBXContainerItemProxy */ = {
			isa = PBXContainerItemProxy;
			containerPortal = 0340F0402317B83D001FFB29 /* Project object */;
			proxyType = 1;
			remoteGlobalIDString = 0340F0472317B83D001FFB29;
			remoteInfo = "Attendance Manager";
		};
		0340F0682317B848001FFB29 /* PBXContainerItemProxy */ = {
			isa = PBXContainerItemProxy;
			containerPortal = 0340F0402317B83D001FFB29 /* Project object */;
			proxyType = 1;
			remoteGlobalIDString = 0340F0472317B83D001FFB29;
			remoteInfo = "Attendance Manager";
		};
/* End PBXContainerItemProxy section */

/* Begin PBXFileReference section */
		031E865F23FC172E00BA258B /* MsgView.swift */ = {isa = PBXFileReference; fileEncoding = 4; lastKnownFileType = sourcecode.swift; path = MsgView.swift; sourceTree = "<group>"; };
		0330C4BA23DEA98F0081AA1C /* AccountViewController.swift */ = {isa = PBXFileReference; fileEncoding = 4; lastKnownFileType = sourcecode.swift; path = AccountViewController.swift; sourceTree = "<group>"; };
		033DDF8E237060F50066B7E9 /* ProjectsCDController.swift */ = {isa = PBXFileReference; lastKnownFileType = sourcecode.swift; path = ProjectsCDController.swift; sourceTree = "<group>"; };
		033DDF90237065F60066B7E9 /* TaskTimeCDController.swift */ = {isa = PBXFileReference; lastKnownFileType = sourcecode.swift; path = TaskTimeCDController.swift; sourceTree = "<group>"; };
		033F535D23CD9C2A0079F8A4 /* AboutAppVC.swift */ = {isa = PBXFileReference; lastKnownFileType = sourcecode.swift; path = AboutAppVC.swift; sourceTree = "<group>"; };
		033FCAB423335BA00043D358 /* TasksCDController.swift */ = {isa = PBXFileReference; lastKnownFileType = sourcecode.swift; path = TasksCDController.swift; sourceTree = "<group>"; };
		033FCAB623335F4C0043D358 /* TaskViewController.swift */ = {isa = PBXFileReference; lastKnownFileType = sourcecode.swift; path = TaskViewController.swift; sourceTree = "<group>"; };
		0340F0482317B83D001FFB29 /* Attendance Manager.app */ = {isa = PBXFileReference; explicitFileType = wrapper.application; includeInIndex = 0; path = "Attendance Manager.app"; sourceTree = BUILT_PRODUCTS_DIR; };
		0340F04B2317B83D001FFB29 /* AppDelegate.swift */ = {isa = PBXFileReference; lastKnownFileType = sourcecode.swift; path = AppDelegate.swift; sourceTree = "<group>"; };
		0340F04D2317B83D001FFB29 /* LoginViewController.swift */ = {isa = PBXFileReference; lastKnownFileType = sourcecode.swift; path = LoginViewController.swift; sourceTree = "<group>"; };
		0340F0502317B83D001FFB29 /* Base */ = {isa = PBXFileReference; lastKnownFileType = file.storyboard; name = Base; path = Base.lproj/Main.storyboard; sourceTree = "<group>"; };
		0340F0522317B848001FFB29 /* Assets.xcassets */ = {isa = PBXFileReference; lastKnownFileType = folder.assetcatalog; path = Assets.xcassets; sourceTree = "<group>"; };
		0340F0552317B848001FFB29 /* Base */ = {isa = PBXFileReference; lastKnownFileType = file.storyboard; name = Base; path = Base.lproj/LaunchScreen.storyboard; sourceTree = "<group>"; };
		0340F0572317B848001FFB29 /* Info.plist */ = {isa = PBXFileReference; lastKnownFileType = text.plist.xml; path = Info.plist; sourceTree = "<group>"; };
		0340F05C2317B848001FFB29 /* Attendance ManagerTests.xctest */ = {isa = PBXFileReference; explicitFileType = wrapper.cfbundle; includeInIndex = 0; path = "Attendance ManagerTests.xctest"; sourceTree = BUILT_PRODUCTS_DIR; };
		0340F0602317B848001FFB29 /* Attendance_ManagerTests.swift */ = {isa = PBXFileReference; lastKnownFileType = sourcecode.swift; path = Attendance_ManagerTests.swift; sourceTree = "<group>"; };
		0340F0622317B848001FFB29 /* Info.plist */ = {isa = PBXFileReference; lastKnownFileType = text.plist.xml; path = Info.plist; sourceTree = "<group>"; };
		0340F0672317B848001FFB29 /* Attendance ManagerUITests.xctest */ = {isa = PBXFileReference; explicitFileType = wrapper.cfbundle; includeInIndex = 0; path = "Attendance ManagerUITests.xctest"; sourceTree = BUILT_PRODUCTS_DIR; };
		0340F06B2317B848001FFB29 /* Attendance_ManagerUITests.swift */ = {isa = PBXFileReference; lastKnownFileType = sourcecode.swift; path = Attendance_ManagerUITests.swift; sourceTree = "<group>"; };
		0340F06D2317B848001FFB29 /* Info.plist */ = {isa = PBXFileReference; lastKnownFileType = text.plist.xml; path = Info.plist; sourceTree = "<group>"; };
		0340F0792317ECBF001FFB29 /* Attendance Manager.entitlements */ = {isa = PBXFileReference; lastKnownFileType = text.plist.entitlements; path = "Attendance Manager.entitlements"; sourceTree = "<group>"; };
		034349D12322310100B0A2CE /* ExternalAccessory.framework */ = {isa = PBXFileReference; lastKnownFileType = wrapper.framework; name = ExternalAccessory.framework; path = System/Library/Frameworks/ExternalAccessory.framework; sourceTree = SDKROOT; };
		034349D323227CE800B0A2CE /* UserTaskInfoCell.swift */ = {isa = PBXFileReference; lastKnownFileType = sourcecode.swift; path = UserTaskInfoCell.swift; sourceTree = "<group>"; };
		034349D423227CE800B0A2CE /* userBreakInfoCell.xib */ = {isa = PBXFileReference; lastKnownFileType = file.xib; path = userBreakInfoCell.xib; sourceTree = "<group>"; };
		0344960B23794CDB00B9CFB2 /* TimerCell.swift */ = {isa = PBXFileReference; lastKnownFileType = sourcecode.swift; path = TimerCell.swift; sourceTree = "<group>"; };
		0344960C23794CDB00B9CFB2 /* TimerCell.xib */ = {isa = PBXFileReference; lastKnownFileType = file.xib; path = TimerCell.xib; sourceTree = "<group>"; };
		0345C4052375477D001510E6 /* TimingsCell.swift */ = {isa = PBXFileReference; lastKnownFileType = sourcecode.swift; path = TimingsCell.swift; sourceTree = "<group>"; };
		0345C4062375477D001510E6 /* TimingsCell.xib */ = {isa = PBXFileReference; lastKnownFileType = file.xib; path = TimingsCell.xib; sourceTree = "<group>"; };
		034708B0235F0F9A00867132 /* CalendarFlowLayout.swift */ = {isa = PBXFileReference; fileEncoding = 4; lastKnownFileType = sourcecode.swift; path = CalendarFlowLayout.swift; sourceTree = "<group>"; };
		034708B1235F0F9A00867132 /* CalendarHeaderView.swift */ = {isa = PBXFileReference; fileEncoding = 4; lastKnownFileType = sourcecode.swift; path = CalendarHeaderView.swift; sourceTree = "<group>"; };
		034708B2235F0F9A00867132 /* CalendarView+Extensions.swift */ = {isa = PBXFileReference; fileEncoding = 4; lastKnownFileType = sourcecode.swift; path = "CalendarView+Extensions.swift"; sourceTree = "<group>"; };
		034708B3235F0F9A00867132 /* CalendarDayCell.swift */ = {isa = PBXFileReference; fileEncoding = 4; lastKnownFileType = sourcecode.swift; path = CalendarDayCell.swift; sourceTree = "<group>"; };
		034708B4235F0F9A00867132 /* CalendarView+Style.swift */ = {isa = PBXFileReference; fileEncoding = 4; lastKnownFileType = sourcecode.swift; path = "CalendarView+Style.swift"; sourceTree = "<group>"; };
		034708B5235F0F9A00867132 /* CalendarView+Delegate.swift */ = {isa = PBXFileReference; fileEncoding = 4; lastKnownFileType = sourcecode.swift; path = "CalendarView+Delegate.swift"; sourceTree = "<group>"; };
		034708B6235F0F9A00867132 /* EventsManager.swift */ = {isa = PBXFileReference; fileEncoding = 4; lastKnownFileType = sourcecode.swift; path = EventsManager.swift; sourceTree = "<group>"; };
		034708B7235F0F9A00867132 /* CalendarView+DataSource.swift */ = {isa = PBXFileReference; fileEncoding = 4; lastKnownFileType = sourcecode.swift; path = "CalendarView+DataSource.swift"; sourceTree = "<group>"; };
		034708B8235F0F9A00867132 /* CalendarView.swift */ = {isa = PBXFileReference; fileEncoding = 4; lastKnownFileType = sourcecode.swift; path = CalendarView.swift; sourceTree = "<group>"; };
		03470965239F67A300F38C2F /* APIResponseHandler.swift */ = {isa = PBXFileReference; lastKnownFileType = sourcecode.swift; path = APIResponseHandler.swift; sourceTree = "<group>"; };
		03472B56233B416D009C6591 /* FilterProjectCell.swift */ = {isa = PBXFileReference; lastKnownFileType = sourcecode.swift; path = FilterProjectCell.swift; sourceTree = "<group>"; };
		03495D0E23A789480076AC02 /* UserguideView.swift */ = {isa = PBXFileReference; lastKnownFileType = sourcecode.swift; path = UserguideView.swift; sourceTree = "<group>"; };
		0349F6E02330E58C00BC7E74 /* UserTaskDetails.xcdatamodel */ = {isa = PBXFileReference; lastKnownFileType = wrapper.xcdatamodel; path = UserTaskDetails.xcdatamodel; sourceTree = "<group>"; };
		0349F6E22331089A00BC7E74 /* PunchInOutCDController.swift */ = {isa = PBXFileReference; lastKnownFileType = sourcecode.swift; path = PunchInOutCDController.swift; sourceTree = "<group>"; };
		034B4CCE233247D200ED4624 /* ProgressCircle.swift */ = {isa = PBXFileReference; lastKnownFileType = sourcecode.swift; path = ProgressCircle.swift; sourceTree = "<group>"; };
		03575A87231E83A400FBDA6E /* ResetPasswordVC.swift */ = {isa = PBXFileReference; lastKnownFileType = sourcecode.swift; path = ResetPasswordVC.swift; sourceTree = "<group>"; };
		035BBC9023B0819F00891053 /* ResetPWVC.swift */ = {isa = PBXFileReference; lastKnownFileType = sourcecode.swift; path = ResetPWVC.swift; sourceTree = "<group>"; };
		035C61A52326148F0097297D /* TableHeaderView.swift */ = {isa = PBXFileReference; lastKnownFileType = sourcecode.swift; path = TableHeaderView.swift; sourceTree = "<group>"; };
		0360E3EF23B1E8130014D027 /* InAppNotificationView.swift */ = {isa = PBXFileReference; lastKnownFileType = sourcecode.swift; path = InAppNotificationView.swift; sourceTree = "<group>"; };
		0360E3F123B1ECA70014D027 /* notification.png */ = {isa = PBXFileReference; lastKnownFileType = image.png; path = notification.png; sourceTree = "<group>"; };
		0360E3F523B1FD6E0014D027 /* dismiss.png */ = {isa = PBXFileReference; lastKnownFileType = image.png; path = dismiss.png; sourceTree = "<group>"; };
		0369536823431E7600C5E321 /* ActivityView.xib */ = {isa = PBXFileReference; lastKnownFileType = file.xib; path = ActivityView.xib; sourceTree = "<group>"; };
		0369536A23431FC800C5E321 /* ActivityView.swift */ = {isa = PBXFileReference; lastKnownFileType = sourcecode.swift; path = ActivityView.swift; sourceTree = "<group>"; usesTabs = 1; };
		036B42722339EA5C00F2C670 /* FilterViewController.swift */ = {isa = PBXFileReference; lastKnownFileType = sourcecode.swift; path = FilterViewController.swift; sourceTree = "<group>"; };
		036B9146239A7C3B00E056A9 /* SceneDelegate.swift */ = {isa = PBXFileReference; lastKnownFileType = sourcecode.swift; path = SceneDelegate.swift; sourceTree = "<group>"; };
		0379438A239E795000F87291 /* ModuleCDController.swift */ = {isa = PBXFileReference; lastKnownFileType = sourcecode.swift; path = ModuleCDController.swift; sourceTree = "<group>"; };
		03851EAF2372AC5600C484C7 /* TabBarController.swift */ = {isa = PBXFileReference; lastKnownFileType = sourcecode.swift; path = TabBarController.swift; sourceTree = "<group>"; };
		03A8925D2406911D007AC9AC /* TTView.swift */ = {isa = PBXFileReference; fileEncoding = 4; lastKnownFileType = sourcecode.swift; path = TTView.swift; sourceTree = "<group>"; };
		03C30AF1233DCA260078BD85 /* RequestController.swift */ = {isa = PBXFileReference; lastKnownFileType = sourcecode.swift; path = RequestController.swift; sourceTree = "<group>"; };
		03C693872319347E005F385B /* ForgetPasswordVC.swift */ = {isa = PBXFileReference; lastKnownFileType = sourcecode.swift; path = ForgetPasswordVC.swift; sourceTree = "<group>"; };
		03CB940A23703271004E1E57 /* MyActivityViewController.swift */ = {isa = PBXFileReference; lastKnownFileType = sourcecode.swift; path = MyActivityViewController.swift; sourceTree = "<group>"; };
		03DA9A4923B4C392004F03C0 /* TimeUpdateView.swift */ = {isa = PBXFileReference; lastKnownFileType = sourcecode.swift; path = TimeUpdateView.swift; sourceTree = "<group>"; };
		03EAD8E4231FE6490008023C /* UserActivityVC.swift */ = {isa = PBXFileReference; lastKnownFileType = sourcecode.swift; path = UserActivityVC.swift; sourceTree = "<group>"; };
		03FA47032366CF150032EF82 /* GlobalValuesFunctions.swift */ = {isa = PBXFileReference; lastKnownFileType = sourcecode.swift; path = GlobalValuesFunctions.swift; sourceTree = "<group>"; };
		03FA47062366CFCB0032EF82 /* Extension.swift */ = {isa = PBXFileReference; lastKnownFileType = sourcecode.swift; path = Extension.swift; sourceTree = "<group>"; };
		36165071F3A08093E263A512 /* Pods_Attendance_Manager.framework */ = {isa = PBXFileReference; explicitFileType = wrapper.framework; includeInIndex = 0; path = Pods_Attendance_Manager.framework; sourceTree = BUILT_PRODUCTS_DIR; };
		BF5B67B34D319C7D1D5D6C0A /* Pods-Attendance Manager.debug.xcconfig */ = {isa = PBXFileReference; includeInIndex = 1; lastKnownFileType = text.xcconfig; name = "Pods-Attendance Manager.debug.xcconfig"; path = "Target Support Files/Pods-Attendance Manager/Pods-Attendance Manager.debug.xcconfig"; sourceTree = "<group>"; };
		F4C564549CC5141D1AA175D1 /* Pods-Attendance Manager.release.xcconfig */ = {isa = PBXFileReference; includeInIndex = 1; lastKnownFileType = text.xcconfig; name = "Pods-Attendance Manager.release.xcconfig"; path = "Target Support Files/Pods-Attendance Manager/Pods-Attendance Manager.release.xcconfig"; sourceTree = "<group>"; };
/* End PBXFileReference section */

/* Begin PBXFrameworksBuildPhase section */
		0340F0452317B83D001FFB29 /* Frameworks */ = {
			isa = PBXFrameworksBuildPhase;
			buildActionMask = 2147483647;
			files = (
				034349D22322310100B0A2CE /* ExternalAccessory.framework in Frameworks */,
				C21659F32C59FF7D57E58D19 /* Pods_Attendance_Manager.framework in Frameworks */,
			);
			runOnlyForDeploymentPostprocessing = 0;
		};
		0340F0592317B848001FFB29 /* Frameworks */ = {
			isa = PBXFrameworksBuildPhase;
			buildActionMask = 2147483647;
			files = (
			);
			runOnlyForDeploymentPostprocessing = 0;
		};
		0340F0642317B848001FFB29 /* Frameworks */ = {
			isa = PBXFrameworksBuildPhase;
			buildActionMask = 2147483647;
			files = (
			);
			runOnlyForDeploymentPostprocessing = 0;
		};
/* End PBXFrameworksBuildPhase section */

/* Begin PBXGroup section */
		031E865E23FC170E00BA258B /* Message view */ = {
			isa = PBXGroup;
			children = (
				031E865F23FC172E00BA258B /* MsgView.swift */,
			);
			path = "Message view";
			sourceTree = "<group>";
		};
		033F535C23CD9BEF0079F8A4 /* About App */ = {
			isa = PBXGroup;
			children = (
				033F535D23CD9C2A0079F8A4 /* AboutAppVC.swift */,
			);
			path = "About App";
			sourceTree = "<group>";
		};
		0340F03F2317B83D001FFB29 = {
			isa = PBXGroup;
			children = (
				0340F04A2317B83D001FFB29 /* Attendance Manager */,
				0340F05F2317B848001FFB29 /* Attendance ManagerTests */,
				0340F06A2317B848001FFB29 /* Attendance ManagerUITests */,
				0340F0492317B83D001FFB29 /* Products */,
				0340F07A2317F65A001FFB29 /* Frameworks */,
				362D4700CA843A874130E6E8 /* Pods */,
			);
			sourceTree = "<group>";
		};
		0340F0492317B83D001FFB29 /* Products */ = {
			isa = PBXGroup;
			children = (
				0340F0482317B83D001FFB29 /* Attendance Manager.app */,
				0340F05C2317B848001FFB29 /* Attendance ManagerTests.xctest */,
				0340F0672317B848001FFB29 /* Attendance ManagerUITests.xctest */,
			);
			name = Products;
			sourceTree = "<group>";
		};
		0340F04A2317B83D001FFB29 /* Attendance Manager */ = {
			isa = PBXGroup;
			children = (
				0340F04B2317B83D001FFB29 /* AppDelegate.swift */,
				036B9146239A7C3B00E056A9 /* SceneDelegate.swift */,
				0340F04F2317B83D001FFB29 /* Main.storyboard */,
				0340F0522317B848001FFB29 /* Assets.xcassets */,
				03A8925B240690A7007AC9AC /* Custom views */,
				03FA47052366CFB10032EF82 /* Extensions */,
				03FA47022366CED30032EF82 /* Global Values and Functions */,
				03EAD8E0231F9A910008023C /* Login Controllers */,
				03C30AF0233DC9E80078BD85 /* Web Module */,
				03F2982B23476DAE00C8484A /* CoreDataController */,
				03851EAE2372AC1300C484C7 /* Tab Bar Controller */,
				03EAD8E3231FE5F00008023C /* User Activities */,
				03851EA82372A03700C484C7 /* Account View */,
				037384D1232B5B3A00E87B9E /* Add-Edit Task Manager */,
				036953652343188600C5E321 /* My Activity */,
				034708AF235F0F9A00867132 /* CalendarView */,
				035B71942328C11800869B1D /* Launch Screen Animation */,
				0340F0792317ECBF001FFB29 /* Attendance Manager.entitlements */,
				0340F0572317B848001FFB29 /* Info.plist */,
				0340F0542317B848001FFB29 /* LaunchScreen.storyboard */,
			);
			path = "Attendance Manager";
			sourceTree = "<group>";
		};
		0340F05F2317B848001FFB29 /* Attendance ManagerTests */ = {
			isa = PBXGroup;
			children = (
				0340F0602317B848001FFB29 /* Attendance_ManagerTests.swift */,
				0340F0622317B848001FFB29 /* Info.plist */,
			);
			path = "Attendance ManagerTests";
			sourceTree = "<group>";
		};
		0340F06A2317B848001FFB29 /* Attendance ManagerUITests */ = {
			isa = PBXGroup;
			children = (
				0340F06B2317B848001FFB29 /* Attendance_ManagerUITests.swift */,
				0340F06D2317B848001FFB29 /* Info.plist */,
			);
			path = "Attendance ManagerUITests";
			sourceTree = "<group>";
		};
		0340F07A2317F65A001FFB29 /* Frameworks */ = {
			isa = PBXGroup;
			children = (
				034349D12322310100B0A2CE /* ExternalAccessory.framework */,
				36165071F3A08093E263A512 /* Pods_Attendance_Manager.framework */,
			);
			name = Frameworks;
			sourceTree = "<group>";
		};
		034708AF235F0F9A00867132 /* CalendarView */ = {
			isa = PBXGroup;
			children = (
				034708B0235F0F9A00867132 /* CalendarFlowLayout.swift */,
				034708B1235F0F9A00867132 /* CalendarHeaderView.swift */,
				034708B2235F0F9A00867132 /* CalendarView+Extensions.swift */,
				034708B3235F0F9A00867132 /* CalendarDayCell.swift */,
				034708B4235F0F9A00867132 /* CalendarView+Style.swift */,
				034708B5235F0F9A00867132 /* CalendarView+Delegate.swift */,
				034708B6235F0F9A00867132 /* EventsManager.swift */,
				034708B7235F0F9A00867132 /* CalendarView+DataSource.swift */,
				034708B8235F0F9A00867132 /* CalendarView.swift */,
			);
			path = CalendarView;
			sourceTree = "<group>";
		};
		03495D0D23A788E80076AC02 /* User Guide */ = {
			isa = PBXGroup;
			children = (
				03495D0E23A789480076AC02 /* UserguideView.swift */,
			);
			path = "User Guide";
			sourceTree = "<group>";
		};
		035B71942328C11800869B1D /* Launch Screen Animation */ = {
			isa = PBXGroup;
			children = (
				034B4CCE233247D200ED4624 /* ProgressCircle.swift */,
			);
			path = "Launch Screen Animation";
			sourceTree = "<group>";
		};
		035BBC8F23B0816A00891053 /* ResetPassword */ = {
			isa = PBXGroup;
			children = (
				035BBC9023B0819F00891053 /* ResetPWVC.swift */,
			);
			path = ResetPassword;
			sourceTree = "<group>";
		};
		0360E3EE23B1E7DC0014D027 /* In App Notification */ = {
			isa = PBXGroup;
			children = (
				0360E3EF23B1E8130014D027 /* InAppNotificationView.swift */,
				0360E3F523B1FD6E0014D027 /* dismiss.png */,
				0360E3F123B1ECA70014D027 /* notification.png */,
			);
			path = "In App Notification";
			sourceTree = "<group>";
		};
		036953652343188600C5E321 /* My Activity */ = {
			isa = PBXGroup;
			children = (
				0369536823431E7600C5E321 /* ActivityView.xib */,
				0369536A23431FC800C5E321 /* ActivityView.swift */,
				03CB940A23703271004E1E57 /* MyActivityViewController.swift */,
			);
			path = "My Activity";
			sourceTree = "<group>";
		};
		037384D1232B5B3A00E87B9E /* Add-Edit Task Manager */ = {
			isa = PBXGroup;
			children = (
				033FCAB623335F4C0043D358 /* TaskViewController.swift */,
				0345C4052375477D001510E6 /* TimingsCell.swift */,
				0345C4062375477D001510E6 /* TimingsCell.xib */,
			);
			path = "Add-Edit Task Manager";
			sourceTree = "<group>";
		};
		03851EA82372A03700C484C7 /* Account View */ = {
			isa = PBXGroup;
			children = (
				0330C4BA23DEA98F0081AA1C /* AccountViewController.swift */,
				033F535C23CD9BEF0079F8A4 /* About App */,
				035BBC8F23B0816A00891053 /* ResetPassword */,
			);
			path = "Account View";
			sourceTree = "<group>";
		};
		03851EAE2372AC1300C484C7 /* Tab Bar Controller */ = {
			isa = PBXGroup;
			children = (
				03851EAF2372AC5600C484C7 /* TabBarController.swift */,
			);
			path = "Tab Bar Controller";
			sourceTree = "<group>";
		};
		03A8925B240690A7007AC9AC /* Custom views */ = {
			isa = PBXGroup;
			children = (
				03A8925C24069103007AC9AC /* TT View */,
				031E865E23FC170E00BA258B /* Message view */,
				03DA9A4823B4C333004F03C0 /* Prev Day Details */,
				0360E3EE23B1E7DC0014D027 /* In App Notification */,
				03495D0D23A788E80076AC02 /* User Guide */,
			);
			path = "Custom views";
			sourceTree = "<group>";
		};
		03A8925C24069103007AC9AC /* TT View */ = {
			isa = PBXGroup;
			children = (
				03A8925D2406911D007AC9AC /* TTView.swift */,
			);
			path = "TT View";
			sourceTree = "<group>";
		};
		03C30AF0233DC9E80078BD85 /* Web Module */ = {
			isa = PBXGroup;
			children = (
				03C30AF1233DCA260078BD85 /* RequestController.swift */,
				03470965239F67A300F38C2F /* APIResponseHandler.swift */,
			);
			path = "Web Module";
			sourceTree = "<group>";
		};
		03CB9409237029FD004E1E57 /* Filter View */ = {
			isa = PBXGroup;
			children = (
				036B42722339EA5C00F2C670 /* FilterViewController.swift */,
				03472B56233B416D009C6591 /* FilterProjectCell.swift */,
			);
			path = "Filter View";
			sourceTree = "<group>";
		};
		03DA9A4823B4C333004F03C0 /* Prev Day Details */ = {
			isa = PBXGroup;
			children = (
				03DA9A4923B4C392004F03C0 /* TimeUpdateView.swift */,
			);
			path = "Prev Day Details";
			sourceTree = "<group>";
		};
		03EAD8E0231F9A910008023C /* Login Controllers */ = {
			isa = PBXGroup;
			children = (
				0340F04D2317B83D001FFB29 /* LoginViewController.swift */,
				03C693872319347E005F385B /* ForgetPasswordVC.swift */,
				03575A87231E83A400FBDA6E /* ResetPasswordVC.swift */,
			);
			path = "Login Controllers";
			sourceTree = "<group>";
		};
		03EAD8E3231FE5F00008023C /* User Activities */ = {
			isa = PBXGroup;
			children = (
				03EAD8E4231FE6490008023C /* UserActivityVC.swift */,
				035C61A52326148F0097297D /* TableHeaderView.swift */,
				034349D323227CE800B0A2CE /* UserTaskInfoCell.swift */,
				034349D423227CE800B0A2CE /* userBreakInfoCell.xib */,
				03CB9409237029FD004E1E57 /* Filter View */,
				0344960B23794CDB00B9CFB2 /* TimerCell.swift */,
				0344960C23794CDB00B9CFB2 /* TimerCell.xib */,
			);
			path = "User Activities";
			sourceTree = "<group>";
		};
		03F2982B23476DAE00C8484A /* CoreDataController */ = {
			isa = PBXGroup;
			children = (
				0349F6DF2330E58C00BC7E74 /* UserTaskDetails.xcdatamodeld */,
				0349F6E22331089A00BC7E74 /* PunchInOutCDController.swift */,
				033DDF8E237060F50066B7E9 /* ProjectsCDController.swift */,
				0379438A239E795000F87291 /* ModuleCDController.swift */,
				033FCAB423335BA00043D358 /* TasksCDController.swift */,
				033DDF90237065F60066B7E9 /* TaskTimeCDController.swift */,
			);
			path = CoreDataController;
			sourceTree = "<group>";
		};
		03FA47022366CED30032EF82 /* Global Values and Functions */ = {
			isa = PBXGroup;
			children = (
				03FA47032366CF150032EF82 /* GlobalValuesFunctions.swift */,
			);
			path = "Global Values and Functions";
			sourceTree = "<group>";
		};
		03FA47052366CFB10032EF82 /* Extensions */ = {
			isa = PBXGroup;
			children = (
				03FA47062366CFCB0032EF82 /* Extension.swift */,
			);
			path = Extensions;
			sourceTree = "<group>";
		};
		362D4700CA843A874130E6E8 /* Pods */ = {
			isa = PBXGroup;
			children = (
				BF5B67B34D319C7D1D5D6C0A /* Pods-Attendance Manager.debug.xcconfig */,
				F4C564549CC5141D1AA175D1 /* Pods-Attendance Manager.release.xcconfig */,
			);
			path = Pods;
			sourceTree = "<group>";
		};
/* End PBXGroup section */

/* Begin PBXNativeTarget section */
		0340F0472317B83D001FFB29 /* Attendance Manager */ = {
			isa = PBXNativeTarget;
			buildConfigurationList = 0340F0702317B848001FFB29 /* Build configuration list for PBXNativeTarget "Attendance Manager" */;
			buildPhases = (
				FF08E4CE63425419A0A0B55A /* [CP] Check Pods Manifest.lock */,
				0340F0442317B83D001FFB29 /* Sources */,
				0340F0452317B83D001FFB29 /* Frameworks */,
				0340F0462317B83D001FFB29 /* Resources */,
				894C542A9719F92005175438 /* [CP] Embed Pods Frameworks */,
			);
			buildRules = (
			);
			dependencies = (
			);
			name = "Attendance Manager";
			productName = "Attendance Manager";
			productReference = 0340F0482317B83D001FFB29 /* Attendance Manager.app */;
			productType = "com.apple.product-type.application";
		};
		0340F05B2317B848001FFB29 /* Attendance ManagerTests */ = {
			isa = PBXNativeTarget;
			buildConfigurationList = 0340F0732317B848001FFB29 /* Build configuration list for PBXNativeTarget "Attendance ManagerTests" */;
			buildPhases = (
				0340F0582317B848001FFB29 /* Sources */,
				0340F0592317B848001FFB29 /* Frameworks */,
				0340F05A2317B848001FFB29 /* Resources */,
			);
			buildRules = (
			);
			dependencies = (
				0340F05E2317B848001FFB29 /* PBXTargetDependency */,
			);
			name = "Attendance ManagerTests";
			productName = "Attendance ManagerTests";
			productReference = 0340F05C2317B848001FFB29 /* Attendance ManagerTests.xctest */;
			productType = "com.apple.product-type.bundle.unit-test";
		};
		0340F0662317B848001FFB29 /* Attendance ManagerUITests */ = {
			isa = PBXNativeTarget;
			buildConfigurationList = 0340F0762317B848001FFB29 /* Build configuration list for PBXNativeTarget "Attendance ManagerUITests" */;
			buildPhases = (
				0340F0632317B848001FFB29 /* Sources */,
				0340F0642317B848001FFB29 /* Frameworks */,
				0340F0652317B848001FFB29 /* Resources */,
			);
			buildRules = (
			);
			dependencies = (
				0340F0692317B848001FFB29 /* PBXTargetDependency */,
			);
			name = "Attendance ManagerUITests";
			productName = "Attendance ManagerUITests";
			productReference = 0340F0672317B848001FFB29 /* Attendance ManagerUITests.xctest */;
			productType = "com.apple.product-type.bundle.ui-testing";
		};
/* End PBXNativeTarget section */

/* Begin PBXProject section */
		0340F0402317B83D001FFB29 /* Project object */ = {
			isa = PBXProject;
			attributes = {
				LastSwiftUpdateCheck = 1010;
				LastUpgradeCheck = 1010;
				ORGANIZATIONNAME = Sachin;
				TargetAttributes = {
					0340F0472317B83D001FFB29 = {
						CreatedOnToolsVersion = 10.1;
						LastSwiftMigration = 1100;
						SystemCapabilities = {
							com.apple.AccessWiFi = {
								enabled = 1;
							};
							com.apple.WAC = {
								enabled = 1;
							};
						};
					};
					0340F05B2317B848001FFB29 = {
						CreatedOnToolsVersion = 10.1;
						LastSwiftMigration = 1100;
						TestTargetID = 0340F0472317B83D001FFB29;
					};
					0340F0662317B848001FFB29 = {
						CreatedOnToolsVersion = 10.1;
						LastSwiftMigration = 1100;
						TestTargetID = 0340F0472317B83D001FFB29;
					};
				};
			};
			buildConfigurationList = 0340F0432317B83D001FFB29 /* Build configuration list for PBXProject "Attendance Manager" */;
			compatibilityVersion = "Xcode 9.3";
			developmentRegion = en;
			hasScannedForEncodings = 0;
			knownRegions = (
				en,
				Base,
			);
			mainGroup = 0340F03F2317B83D001FFB29;
			productRefGroup = 0340F0492317B83D001FFB29 /* Products */;
			projectDirPath = "";
			projectRoot = "";
			targets = (
				0340F0472317B83D001FFB29 /* Attendance Manager */,
				0340F05B2317B848001FFB29 /* Attendance ManagerTests */,
				0340F0662317B848001FFB29 /* Attendance ManagerUITests */,
			);
		};
/* End PBXProject section */

/* Begin PBXResourcesBuildPhase section */
		0340F0462317B83D001FFB29 /* Resources */ = {
			isa = PBXResourcesBuildPhase;
			buildActionMask = 2147483647;
			files = (
				0360E3F623B1FD6E0014D027 /* dismiss.png in Resources */,
				0345C4082375477D001510E6 /* TimingsCell.xib in Resources */,
				0340F0562317B848001FFB29 /* LaunchScreen.storyboard in Resources */,
				0340F0532317B848001FFB29 /* Assets.xcassets in Resources */,
				034349D623227CE800B0A2CE /* userBreakInfoCell.xib in Resources */,
				0360E3F223B1ECA70014D027 /* notification.png in Resources */,
				0369536923431E7600C5E321 /* ActivityView.xib in Resources */,
				0344960E23794CDB00B9CFB2 /* TimerCell.xib in Resources */,
				0340F0512317B83D001FFB29 /* Main.storyboard in Resources */,
			);
			runOnlyForDeploymentPostprocessing = 0;
		};
		0340F05A2317B848001FFB29 /* Resources */ = {
			isa = PBXResourcesBuildPhase;
			buildActionMask = 2147483647;
			files = (
			);
			runOnlyForDeploymentPostprocessing = 0;
		};
		0340F0652317B848001FFB29 /* Resources */ = {
			isa = PBXResourcesBuildPhase;
			buildActionMask = 2147483647;
			files = (
			);
			runOnlyForDeploymentPostprocessing = 0;
		};
/* End PBXResourcesBuildPhase section */

/* Begin PBXShellScriptBuildPhase section */
		894C542A9719F92005175438 /* [CP] Embed Pods Frameworks */ = {
			isa = PBXShellScriptBuildPhase;
			buildActionMask = 2147483647;
			files = (
			);
			inputFileListPaths = (
				"${PODS_ROOT}/Target Support Files/Pods-Attendance Manager/Pods-Attendance Manager-frameworks-${CONFIGURATION}-input-files.xcfilelist",
			);
			name = "[CP] Embed Pods Frameworks";
			outputFileListPaths = (
				"${PODS_ROOT}/Target Support Files/Pods-Attendance Manager/Pods-Attendance Manager-frameworks-${CONFIGURATION}-output-files.xcfilelist",
			);
			runOnlyForDeploymentPostprocessing = 0;
			shellPath = /bin/sh;
			shellScript = "\"${PODS_ROOT}/Target Support Files/Pods-Attendance Manager/Pods-Attendance Manager-frameworks.sh\"\n";
			showEnvVarsInLog = 0;
		};
		FF08E4CE63425419A0A0B55A /* [CP] Check Pods Manifest.lock */ = {
			isa = PBXShellScriptBuildPhase;
			buildActionMask = 2147483647;
			files = (
			);
			inputFileListPaths = (
			);
			inputPaths = (
				"${PODS_PODFILE_DIR_PATH}/Podfile.lock",
				"${PODS_ROOT}/Manifest.lock",
			);
			name = "[CP] Check Pods Manifest.lock";
			outputFileListPaths = (
			);
			outputPaths = (
				"$(DERIVED_FILE_DIR)/Pods-Attendance Manager-checkManifestLockResult.txt",
			);
			runOnlyForDeploymentPostprocessing = 0;
			shellPath = /bin/sh;
			shellScript = "diff \"${PODS_PODFILE_DIR_PATH}/Podfile.lock\" \"${PODS_ROOT}/Manifest.lock\" > /dev/null\nif [ $? != 0 ] ; then\n    # print error to STDERR\n    echo \"error: The sandbox is not in sync with the Podfile.lock. Run 'pod install' or update your CocoaPods installation.\" >&2\n    exit 1\nfi\n# This output is used by Xcode 'outputs' to avoid re-running this script phase.\necho \"SUCCESS\" > \"${SCRIPT_OUTPUT_FILE_0}\"\n";
			showEnvVarsInLog = 0;
		};
/* End PBXShellScriptBuildPhase section */

/* Begin PBXSourcesBuildPhase section */
		0340F0442317B83D001FFB29 /* Sources */ = {
			isa = PBXSourcesBuildPhase;
			buildActionMask = 2147483647;
			files = (
				034708B9235F0F9A00867132 /* CalendarFlowLayout.swift in Sources */,
				0349F6E32331089A00BC7E74 /* PunchInOutCDController.swift in Sources */,
				0330C4BB23DEA98F0081AA1C /* AccountViewController.swift in Sources */,
				035C61A62326148F0097297D /* TableHeaderView.swift in Sources */,
				0379438B239E795000F87291 /* ModuleCDController.swift in Sources */,
				03FA47072366CFCB0032EF82 /* Extension.swift in Sources */,
				0344960D23794CDB00B9CFB2 /* TimerCell.swift in Sources */,
				03CB940B23703271004E1E57 /* MyActivityViewController.swift in Sources */,
				033FCAB523335BA00043D358 /* TasksCDController.swift in Sources */,
				03470966239F67A300F38C2F /* APIResponseHandler.swift in Sources */,
				034B4CCF233247D200ED4624 /* ProgressCircle.swift in Sources */,
				03C30AF2233DCA260078BD85 /* RequestController.swift in Sources */,
				0360E3F023B1E8130014D027 /* InAppNotificationView.swift in Sources */,
				034708BA235F0F9A00867132 /* CalendarHeaderView.swift in Sources */,
				033F535E23CD9C2A0079F8A4 /* AboutAppVC.swift in Sources */,
				0349F6E12330E58C00BC7E74 /* UserTaskDetails.xcdatamodeld in Sources */,
				03DA9A4A23B4C392004F03C0 /* TimeUpdateView.swift in Sources */,
				036B42732339EA5C00F2C670 /* FilterViewController.swift in Sources */,
				03575A88231E83A400FBDA6E /* ResetPasswordVC.swift in Sources */,
				034708BC235F0F9A00867132 /* CalendarDayCell.swift in Sources */,
				033DDF91237065F60066B7E9 /* TaskTimeCDController.swift in Sources */,
				034708C1235F0F9A00867132 /* CalendarView.swift in Sources */,
				031E866023FC172E00BA258B /* MsgView.swift in Sources */,
				035BBC9123B0819F00891053 /* ResetPWVC.swift in Sources */,
				034708C0235F0F9A00867132 /* CalendarView+DataSource.swift in Sources */,
				03FA47042366CF150032EF82 /* GlobalValuesFunctions.swift in Sources */,
				03A8925E2406911D007AC9AC /* TTView.swift in Sources */,
				0340F04E2317B83D001FFB29 /* LoginViewController.swift in Sources */,
				034708BE235F0F9A00867132 /* CalendarView+Delegate.swift in Sources */,
				03851EB02372AC5600C484C7 /* TabBarController.swift in Sources */,
				036B9147239A7C3B00E056A9 /* SceneDelegate.swift in Sources */,
				033DDF8F237060F50066B7E9 /* ProjectsCDController.swift in Sources */,
				0340F04C2317B83D001FFB29 /* AppDelegate.swift in Sources */,
				03EAD8E5231FE6490008023C /* UserActivityVC.swift in Sources */,
				03495D0F23A789480076AC02 /* UserguideView.swift in Sources */,
				034349D523227CE800B0A2CE /* UserTaskInfoCell.swift in Sources */,
				034708BB235F0F9A00867132 /* CalendarView+Extensions.swift in Sources */,
				0369536B23431FC800C5E321 /* ActivityView.swift in Sources */,
				0345C4072375477D001510E6 /* TimingsCell.swift in Sources */,
				034708BF235F0F9A00867132 /* EventsManager.swift in Sources */,
				034708BD235F0F9A00867132 /* CalendarView+Style.swift in Sources */,
				03C693882319347E005F385B /* ForgetPasswordVC.swift in Sources */,
				033FCAB723335F4C0043D358 /* TaskViewController.swift in Sources */,
				03472B57233B416D009C6591 /* FilterProjectCell.swift in Sources */,
			);
			runOnlyForDeploymentPostprocessing = 0;
		};
		0340F0582317B848001FFB29 /* Sources */ = {
			isa = PBXSourcesBuildPhase;
			buildActionMask = 2147483647;
			files = (
				0340F0612317B848001FFB29 /* Attendance_ManagerTests.swift in Sources */,
			);
			runOnlyForDeploymentPostprocessing = 0;
		};
		0340F0632317B848001FFB29 /* Sources */ = {
			isa = PBXSourcesBuildPhase;
			buildActionMask = 2147483647;
			files = (
				0340F06C2317B848001FFB29 /* Attendance_ManagerUITests.swift in Sources */,
			);
			runOnlyForDeploymentPostprocessing = 0;
		};
/* End PBXSourcesBuildPhase section */

/* Begin PBXTargetDependency section */
		0340F05E2317B848001FFB29 /* PBXTargetDependency */ = {
			isa = PBXTargetDependency;
			target = 0340F0472317B83D001FFB29 /* Attendance Manager */;
			targetProxy = 0340F05D2317B848001FFB29 /* PBXContainerItemProxy */;
		};
		0340F0692317B848001FFB29 /* PBXTargetDependency */ = {
			isa = PBXTargetDependency;
			target = 0340F0472317B83D001FFB29 /* Attendance Manager */;
			targetProxy = 0340F0682317B848001FFB29 /* PBXContainerItemProxy */;
		};
/* End PBXTargetDependency section */

/* Begin PBXVariantGroup section */
		0340F04F2317B83D001FFB29 /* Main.storyboard */ = {
			isa = PBXVariantGroup;
			children = (
				0340F0502317B83D001FFB29 /* Base */,
			);
			name = Main.storyboard;
			sourceTree = "<group>";
		};
		0340F0542317B848001FFB29 /* LaunchScreen.storyboard */ = {
			isa = PBXVariantGroup;
			children = (
				0340F0552317B848001FFB29 /* Base */,
			);
			name = LaunchScreen.storyboard;
			sourceTree = "<group>";
		};
/* End PBXVariantGroup section */

/* Begin XCBuildConfiguration section */
		0340F06E2317B848001FFB29 /* Debug */ = {
			isa = XCBuildConfiguration;
			buildSettings = {
				ALWAYS_SEARCH_USER_PATHS = NO;
				CLANG_ANALYZER_NONNULL = YES;
				CLANG_ANALYZER_NUMBER_OBJECT_CONVERSION = YES_AGGRESSIVE;
				CLANG_CXX_LANGUAGE_STANDARD = "gnu++14";
				CLANG_CXX_LIBRARY = "libc++";
				CLANG_ENABLE_MODULES = YES;
				CLANG_ENABLE_OBJC_ARC = YES;
				CLANG_ENABLE_OBJC_WEAK = YES;
				CLANG_WARN_BLOCK_CAPTURE_AUTORELEASING = YES;
				CLANG_WARN_BOOL_CONVERSION = YES;
				CLANG_WARN_COMMA = YES;
				CLANG_WARN_CONSTANT_CONVERSION = YES;
				CLANG_WARN_DEPRECATED_OBJC_IMPLEMENTATIONS = YES;
				CLANG_WARN_DIRECT_OBJC_ISA_USAGE = YES_ERROR;
				CLANG_WARN_DOCUMENTATION_COMMENTS = YES;
				CLANG_WARN_EMPTY_BODY = YES;
				CLANG_WARN_ENUM_CONVERSION = YES;
				CLANG_WARN_INFINITE_RECURSION = YES;
				CLANG_WARN_INT_CONVERSION = YES;
				CLANG_WARN_NON_LITERAL_NULL_CONVERSION = YES;
				CLANG_WARN_OBJC_IMPLICIT_RETAIN_SELF = YES;
				CLANG_WARN_OBJC_LITERAL_CONVERSION = YES;
				CLANG_WARN_OBJC_ROOT_CLASS = YES_ERROR;
				CLANG_WARN_RANGE_LOOP_ANALYSIS = YES;
				CLANG_WARN_STRICT_PROTOTYPES = YES;
				CLANG_WARN_SUSPICIOUS_MOVE = YES;
				CLANG_WARN_UNGUARDED_AVAILABILITY = YES_AGGRESSIVE;
				CLANG_WARN_UNREACHABLE_CODE = YES;
				CLANG_WARN__DUPLICATE_METHOD_MATCH = YES;
				CODE_SIGN_IDENTITY = "iPhone Developer";
				COPY_PHASE_STRIP = NO;
				DEBUG_INFORMATION_FORMAT = dwarf;
				ENABLE_STRICT_OBJC_MSGSEND = YES;
				ENABLE_TESTABILITY = YES;
				GCC_C_LANGUAGE_STANDARD = gnu11;
				GCC_DYNAMIC_NO_PIC = NO;
				GCC_NO_COMMON_BLOCKS = YES;
				GCC_OPTIMIZATION_LEVEL = 0;
				GCC_PREPROCESSOR_DEFINITIONS = (
					"DEBUG=1",
					"$(inherited)",
				);
				GCC_WARN_64_TO_32_BIT_CONVERSION = YES;
				GCC_WARN_ABOUT_RETURN_TYPE = YES_ERROR;
				GCC_WARN_UNDECLARED_SELECTOR = YES;
				GCC_WARN_UNINITIALIZED_AUTOS = YES_AGGRESSIVE;
				GCC_WARN_UNUSED_FUNCTION = YES;
				GCC_WARN_UNUSED_VARIABLE = YES;
				IPHONEOS_DEPLOYMENT_TARGET = 13.2;
				MTL_ENABLE_DEBUG_INFO = INCLUDE_SOURCE;
				MTL_FAST_MATH = YES;
				ONLY_ACTIVE_ARCH = YES;
				SDKROOT = iphoneos;
				SWIFT_ACTIVE_COMPILATION_CONDITIONS = DEBUG;
				SWIFT_OPTIMIZATION_LEVEL = "-Onone";
			};
			name = Debug;
		};
		0340F06F2317B848001FFB29 /* Release */ = {
			isa = XCBuildConfiguration;
			buildSettings = {
				ALWAYS_SEARCH_USER_PATHS = NO;
				CLANG_ANALYZER_NONNULL = YES;
				CLANG_ANALYZER_NUMBER_OBJECT_CONVERSION = YES_AGGRESSIVE;
				CLANG_CXX_LANGUAGE_STANDARD = "gnu++14";
				CLANG_CXX_LIBRARY = "libc++";
				CLANG_ENABLE_MODULES = YES;
				CLANG_ENABLE_OBJC_ARC = YES;
				CLANG_ENABLE_OBJC_WEAK = YES;
				CLANG_WARN_BLOCK_CAPTURE_AUTORELEASING = YES;
				CLANG_WARN_BOOL_CONVERSION = YES;
				CLANG_WARN_COMMA = YES;
				CLANG_WARN_CONSTANT_CONVERSION = YES;
				CLANG_WARN_DEPRECATED_OBJC_IMPLEMENTATIONS = YES;
				CLANG_WARN_DIRECT_OBJC_ISA_USAGE = YES_ERROR;
				CLANG_WARN_DOCUMENTATION_COMMENTS = YES;
				CLANG_WARN_EMPTY_BODY = YES;
				CLANG_WARN_ENUM_CONVERSION = YES;
				CLANG_WARN_INFINITE_RECURSION = YES;
				CLANG_WARN_INT_CONVERSION = YES;
				CLANG_WARN_NON_LITERAL_NULL_CONVERSION = YES;
				CLANG_WARN_OBJC_IMPLICIT_RETAIN_SELF = YES;
				CLANG_WARN_OBJC_LITERAL_CONVERSION = YES;
				CLANG_WARN_OBJC_ROOT_CLASS = YES_ERROR;
				CLANG_WARN_RANGE_LOOP_ANALYSIS = YES;
				CLANG_WARN_STRICT_PROTOTYPES = YES;
				CLANG_WARN_SUSPICIOUS_MOVE = YES;
				CLANG_WARN_UNGUARDED_AVAILABILITY = YES_AGGRESSIVE;
				CLANG_WARN_UNREACHABLE_CODE = YES;
				CLANG_WARN__DUPLICATE_METHOD_MATCH = YES;
				CODE_SIGN_IDENTITY = "iPhone Developer";
				COPY_PHASE_STRIP = NO;
				DEBUG_INFORMATION_FORMAT = "dwarf-with-dsym";
				ENABLE_NS_ASSERTIONS = NO;
				ENABLE_STRICT_OBJC_MSGSEND = YES;
				GCC_C_LANGUAGE_STANDARD = gnu11;
				GCC_NO_COMMON_BLOCKS = YES;
				GCC_WARN_64_TO_32_BIT_CONVERSION = YES;
				GCC_WARN_ABOUT_RETURN_TYPE = YES_ERROR;
				GCC_WARN_UNDECLARED_SELECTOR = YES;
				GCC_WARN_UNINITIALIZED_AUTOS = YES_AGGRESSIVE;
				GCC_WARN_UNUSED_FUNCTION = YES;
				GCC_WARN_UNUSED_VARIABLE = YES;
				IPHONEOS_DEPLOYMENT_TARGET = 13.2;
				MTL_ENABLE_DEBUG_INFO = NO;
				MTL_FAST_MATH = YES;
				SDKROOT = iphoneos;
				SWIFT_COMPILATION_MODE = wholemodule;
				SWIFT_OPTIMIZATION_LEVEL = "-O";
				VALIDATE_PRODUCT = YES;
			};
			name = Release;
		};
		0340F0712317B848001FFB29 /* Debug */ = {
			isa = XCBuildConfiguration;
			baseConfigurationReference = BF5B67B34D319C7D1D5D6C0A /* Pods-Attendance Manager.debug.xcconfig */;
			buildSettings = {
				ASSETCATALOG_COMPILER_APPICON_NAME = AppIcon;
				CODE_SIGN_ENTITLEMENTS = "Attendance Manager/Attendance Manager.entitlements";
				CODE_SIGN_IDENTITY = "Apple Development";
				CODE_SIGN_STYLE = Automatic;
				DEVELOPMENT_TEAM = 8PFVF7GTA9;
				INFOPLIST_FILE = "Attendance Manager/Info.plist";
				IPHONEOS_DEPLOYMENT_TARGET = 10.0;
				LD_RUNPATH_SEARCH_PATHS = (
					"$(inherited)",
					"@executable_path/Frameworks",
				);
				PRODUCT_BUNDLE_IDENTIFIER = com.incendiary.smarttime;
				PRODUCT_NAME = "Attendance Manager";
				PROVISIONING_PROFILE_SPECIFIER = "";
				SWIFT_VERSION = 5.0;
				TARGETED_DEVICE_FAMILY = "1,2";
			};
			name = Debug;
		};
		0340F0722317B848001FFB29 /* Release */ = {
			isa = XCBuildConfiguration;
			baseConfigurationReference = F4C564549CC5141D1AA175D1 /* Pods-Attendance Manager.release.xcconfig */;
			buildSettings = {
				ASSETCATALOG_COMPILER_APPICON_NAME = AppIcon;
				CODE_SIGN_ENTITLEMENTS = "Attendance Manager/Attendance Manager.entitlements";
				CODE_SIGN_IDENTITY = "Apple Development";
				CODE_SIGN_STYLE = Automatic;
				DEVELOPMENT_TEAM = 8PFVF7GTA9;
				INFOPLIST_FILE = "Attendance Manager/Info.plist";
				IPHONEOS_DEPLOYMENT_TARGET = 10.0;
				LD_RUNPATH_SEARCH_PATHS = (
					"$(inherited)",
					"@executable_path/Frameworks",
				);
				PRODUCT_BUNDLE_IDENTIFIER = com.incendiary.smarttime;
				PRODUCT_NAME = "Attendance Manager";
				PROVISIONING_PROFILE_SPECIFIER = "";
				SWIFT_VERSION = 5.0;
				TARGETED_DEVICE_FAMILY = "1,2";
			};
			name = Release;
		};
		0340F0742317B848001FFB29 /* Debug */ = {
			isa = XCBuildConfiguration;
			buildSettings = {
				ALWAYS_EMBED_SWIFT_STANDARD_LIBRARIES = YES;
				BUNDLE_LOADER = "$(TEST_HOST)";
				CODE_SIGN_STYLE = Automatic;
				INFOPLIST_FILE = "Attendance ManagerTests/Info.plist";
				LD_RUNPATH_SEARCH_PATHS = (
					"$(inherited)",
					"@executable_path/Frameworks",
					"@loader_path/Frameworks",
				);
				PRODUCT_BUNDLE_IDENTIFIER = "GP.Attendance-ManagerTests";
				PRODUCT_NAME = "$(TARGET_NAME)";
				SWIFT_VERSION = 5.0;
				TARGETED_DEVICE_FAMILY = "1,2";
				TEST_HOST = "$(BUILT_PRODUCTS_DIR)/Attendance Manager.app/Attendance Manager";
			};
			name = Debug;
		};
		0340F0752317B848001FFB29 /* Release */ = {
			isa = XCBuildConfiguration;
			buildSettings = {
				ALWAYS_EMBED_SWIFT_STANDARD_LIBRARIES = YES;
				BUNDLE_LOADER = "$(TEST_HOST)";
				CODE_SIGN_STYLE = Automatic;
				INFOPLIST_FILE = "Attendance ManagerTests/Info.plist";
				LD_RUNPATH_SEARCH_PATHS = (
					"$(inherited)",
					"@executable_path/Frameworks",
					"@loader_path/Frameworks",
				);
				PRODUCT_BUNDLE_IDENTIFIER = "GP.Attendance-ManagerTests";
				PRODUCT_NAME = "$(TARGET_NAME)";
				SWIFT_VERSION = 5.0;
				TARGETED_DEVICE_FAMILY = "1,2";
				TEST_HOST = "$(BUILT_PRODUCTS_DIR)/Attendance Manager.app/Attendance Manager";
			};
			name = Release;
		};
		0340F0772317B848001FFB29 /* Debug */ = {
			isa = XCBuildConfiguration;
			buildSettings = {
				ALWAYS_EMBED_SWIFT_STANDARD_LIBRARIES = YES;
				CODE_SIGN_STYLE = Automatic;
				INFOPLIST_FILE = "Attendance ManagerUITests/Info.plist";
				LD_RUNPATH_SEARCH_PATHS = (
					"$(inherited)",
					"@executable_path/Frameworks",
					"@loader_path/Frameworks",
				);
				PRODUCT_BUNDLE_IDENTIFIER = "GP.Attendance-ManagerUITests";
				PRODUCT_NAME = "$(TARGET_NAME)";
				SWIFT_VERSION = 5.0;
				TARGETED_DEVICE_FAMILY = "1,2";
				TEST_TARGET_NAME = "Attendance Manager";
			};
			name = Debug;
		};
		0340F0782317B848001FFB29 /* Release */ = {
			isa = XCBuildConfiguration;
			buildSettings = {
				ALWAYS_EMBED_SWIFT_STANDARD_LIBRARIES = YES;
				CODE_SIGN_STYLE = Automatic;
				INFOPLIST_FILE = "Attendance ManagerUITests/Info.plist";
				LD_RUNPATH_SEARCH_PATHS = (
					"$(inherited)",
					"@executable_path/Frameworks",
					"@loader_path/Frameworks",
				);
				PRODUCT_BUNDLE_IDENTIFIER = "GP.Attendance-ManagerUITests";
				PRODUCT_NAME = "$(TARGET_NAME)";
				SWIFT_VERSION = 5.0;
				TARGETED_DEVICE_FAMILY = "1,2";
				TEST_TARGET_NAME = "Attendance Manager";
			};
			name = Release;
		};
/* End XCBuildConfiguration section */

/* Begin XCConfigurationList section */
		0340F0432317B83D001FFB29 /* Build configuration list for PBXProject "Attendance Manager" */ = {
			isa = XCConfigurationList;
			buildConfigurations = (
				0340F06E2317B848001FFB29 /* Debug */,
				0340F06F2317B848001FFB29 /* Release */,
			);
			defaultConfigurationIsVisible = 0;
			defaultConfigurationName = Release;
		};
		0340F0702317B848001FFB29 /* Build configuration list for PBXNativeTarget "Attendance Manager" */ = {
			isa = XCConfigurationList;
			buildConfigurations = (
				0340F0712317B848001FFB29 /* Debug */,
				0340F0722317B848001FFB29 /* Release */,
			);
			defaultConfigurationIsVisible = 0;
			defaultConfigurationName = Release;
		};
		0340F0732317B848001FFB29 /* Build configuration list for PBXNativeTarget "Attendance ManagerTests" */ = {
			isa = XCConfigurationList;
			buildConfigurations = (
				0340F0742317B848001FFB29 /* Debug */,
				0340F0752317B848001FFB29 /* Release */,
			);
			defaultConfigurationIsVisible = 0;
			defaultConfigurationName = Release;
		};
		0340F0762317B848001FFB29 /* Build configuration list for PBXNativeTarget "Attendance ManagerUITests" */ = {
			isa = XCConfigurationList;
			buildConfigurations = (
				0340F0772317B848001FFB29 /* Debug */,
				0340F0782317B848001FFB29 /* Release */,
			);
			defaultConfigurationIsVisible = 0;
			defaultConfigurationName = Release;
		};
/* End XCConfigurationList section */

/* Begin XCVersionGroup section */
		0349F6DF2330E58C00BC7E74 /* UserTaskDetails.xcdatamodeld */ = {
			isa = XCVersionGroup;
			children = (
				0349F6E02330E58C00BC7E74 /* UserTaskDetails.xcdatamodel */,
			);
			currentVersion = 0349F6E02330E58C00BC7E74 /* UserTaskDetails.xcdatamodel */;
			path = UserTaskDetails.xcdatamodeld;
			sourceTree = "<group>";
			versionGroupType = wrapper.xcdatamodel;
		};
/* End XCVersionGroup section */
	};
	rootObject = 0340F0402317B83D001FFB29 /* Project object */;
}
